
Microsoft Visual Studio Solution File, Format Version 11.00
# Visual Studio 2010
Project("{2150E333-8FDC-42A3-9474-1A3956D46DE8}") = ".nuget", ".nuget", "{D271F9BC-C604-46C0-ADCB-11C3F9889B7A}"
	ProjectSection(SolutionItems) = preProject
		.nuget\NuGet.targets = .nuget\NuGet.targets
	EndProjectSection
EndProject
Project("{FAE04EC0-301F-11D3-BF4B-00C04F79EFBC}") = "ScaffR.Backend", "ScaffR.Backend\ScaffR.Backend.csproj", "{64435006-9211-4014-B4AE-CFAA67088021}"
EndProject
Project("{FAE04EC0-301F-11D3-BF4B-00C04F79EFBC}") = "ScaffR.Pipeline", "ScaffR.Pipeline\ScaffR.Pipeline.csproj", "{516FE39E-A4E8-4089-8081-B933B2C5812F}"
EndProject
Project("{FAE04EC0-301F-11D3-BF4B-00C04F79EFBC}") = "ScaffR.Bootstrap", "ScaffR.Bootstrap\ScaffR.Bootstrap.csproj", "{D343EB37-50E2-44AE-A424-FE600ABB3E5F}"
EndProject
Project("{FAE04EC0-301F-11D3-BF4B-00C04F79EFBC}") = "ScaffR.Ninject", "ScaffR.Ninject\ScaffR.Ninject.csproj", "{1FB53A46-757B-4C8B-96F1-097AE941D188}"
EndProject
Project("{FAE04EC0-301F-11D3-BF4B-00C04F79EFBC}") = "ScaffR", "ScaffR\ScaffR.csproj", "{C9972C4B-0093-4374-879F-28219C0EC1C2}"
EndProject
Project("{FAE04EC0-301F-11D3-BF4B-00C04F79EFBC}") = "ScaffR.Provider", "ScaffR.Provider\ScaffR.Provider.csproj", "{902CF9B9-B0D9-42E1-AC83-B6A0056143A5}"
EndProject
Project("{FAE04EC0-301F-11D3-BF4B-00C04F79EFBC}") = "ScaffR.Deploy", "ScaffR.Deploy\ScaffR.Deploy.csproj", "{8EB1AA01-0E06-4295-914B-5AFF81D9A033}"
EndProject
Project("{FAE04EC0-301F-11D3-BF4B-00C04F79EFBC}") = "ScaffR.QA", "ScaffR.QA\ScaffR.QA.csproj", "{E8EF0F17-842E-4C63-9D69-D0746AF89CC8}"
EndProject
Project("{FAE04EC0-301F-11D3-BF4B-00C04F79EFBC}") = "ScaffR.Extensions", "ScaffR.Extensions\ScaffR.Extensions.csproj", "{A7C0D2F4-4AA0-4E4B-B593-8E95A7524D09}"
EndProject
Project("{FAE04EC0-301F-11D3-BF4B-00C04F79EFBC}") = "ScaffR.Data", "ScaffR.Data\ScaffR.Data.csproj", "{C9DEF310-DE39-45DE-BF71-90F101B0BCFA}"
EndProject
Project("{FAE04EC0-301F-11D3-BF4B-00C04F79EFBC}") = "ScaffR.Core", "ScaffR.Core\ScaffR.Core.csproj", "{104D7045-522F-4692-AC73-F70B754B0AE3}"
EndProject
Project("{FAE04EC0-301F-11D3-BF4B-00C04F79EFBC}") = "ScaffR.Stateless", "ScaffR.Stateless\ScaffR.Stateless.csproj", "{C1ED5556-CFF6-4F67-83DB-1A4323933DAF}"
EndProject
Project("{FAE04EC0-301F-11D3-BF4B-00C04F79EFBC}") = "ScaffR.Services", "ScaffR.Services\ScaffR.Services.csproj", "{C67C4E4A-89A0-493C-9CBD-BDAAD2BCE708}"
EndProject
Project("{FAE04EC0-301F-11D3-BF4B-00C04F79EFBC}") = "www.scaffr.com", "www.scaffr.com\www.scaffr.com.csproj", "{AF1C65D0-A194-454F-9DDB-E5D484153D71}"
EndProject
Project("{FAE04EC0-301F-11D3-BF4B-00C04F79EFBC}") = "ScaffR.MVC", "ScaffR.MVC\ScaffR.MVC.csproj", "{840812F4-1E83-4FB0-B7C7-DF626A670D2D}"
EndProject
Project("{FAE04EC0-301F-11D3-BF4B-00C04F79EFBC}") = "ScaffR.MvcMailer", "ScaffR.MvcMailer\ScaffR.MvcMailer.csproj", "{A4176962-21F4-44E6-B151-A87E7DC6EE14}"
EndProject
Project("{FAE04EC0-301F-11D3-BF4B-00C04F79EFBC}") = "ScaffR.Sitemap", "ScaffR.Sitemap\ScaffR.Sitemap.csproj", "{0B632392-FAA2-4272-8FD3-DDD836366CEA}"
EndProject
Project("{FAE04EC0-301F-11D3-BF4B-00C04F79EFBC}") = "ScaffR.Sample", "ScaffR.Sample\ScaffR.Sample.csproj", "{C99EE612-5215-4A3F-8C8C-68AC3DCE145B}"
EndProject
Project("{FAE04EC0-301F-11D3-BF4B-00C04F79EFBC}") = "ScaffR.WebApi", "ScaffR.WebApi\ScaffR.WebApi.csproj", "{8B96D15D-5A98-483E-B889-532E87866A85}"
EndProject
Project("{FAE04EC0-301F-11D3-BF4B-00C04F79EFBC}") = "ScaffR.T4Scaffolding", "ScaffR.T4Scaffolding\ScaffR.T4Scaffolding.csproj", "{F358AB13-019F-4BCE-BDBB-B67E02C15E7B}"
EndProject
Global
	GlobalSection(SolutionConfigurationPlatforms) = preSolution
		Debug|Any CPU = Debug|Any CPU
		Release|Any CPU = Release|Any CPU
	EndGlobalSection
	GlobalSection(ProjectConfigurationPlatforms) = postSolution
		{64435006-9211-4014-B4AE-CFAA67088021}.Debug|Any CPU.ActiveCfg = Debug|Any CPU
		{64435006-9211-4014-B4AE-CFAA67088021}.Debug|Any CPU.Build.0 = Debug|Any CPU
		{64435006-9211-4014-B4AE-CFAA67088021}.Release|Any CPU.ActiveCfg = Release|Any CPU
		{64435006-9211-4014-B4AE-CFAA67088021}.Release|Any CPU.Build.0 = Release|Any CPU
		{516FE39E-A4E8-4089-8081-B933B2C5812F}.Debug|Any CPU.ActiveCfg = Debug|Any CPU
		{516FE39E-A4E8-4089-8081-B933B2C5812F}.Debug|Any CPU.Build.0 = Debug|Any CPU
		{516FE39E-A4E8-4089-8081-B933B2C5812F}.Release|Any CPU.ActiveCfg = Release|Any CPU
		{516FE39E-A4E8-4089-8081-B933B2C5812F}.Release|Any CPU.Build.0 = Release|Any CPU
		{D343EB37-50E2-44AE-A424-FE600ABB3E5F}.Debug|Any CPU.ActiveCfg = Debug|Any CPU
		{D343EB37-50E2-44AE-A424-FE600ABB3E5F}.Debug|Any CPU.Build.0 = Debug|Any CPU
		{D343EB37-50E2-44AE-A424-FE600ABB3E5F}.Release|Any CPU.ActiveCfg = Release|Any CPU
		{D343EB37-50E2-44AE-A424-FE600ABB3E5F}.Release|Any CPU.Build.0 = Release|Any CPU
		{1FB53A46-757B-4C8B-96F1-097AE941D188}.Debug|Any CPU.ActiveCfg = Debug|Any CPU
		{1FB53A46-757B-4C8B-96F1-097AE941D188}.Debug|Any CPU.Build.0 = Debug|Any CPU
		{1FB53A46-757B-4C8B-96F1-097AE941D188}.Release|Any CPU.ActiveCfg = Release|Any CPU
		{1FB53A46-757B-4C8B-96F1-097AE941D188}.Release|Any CPU.Build.0 = Release|Any CPU
		{C9972C4B-0093-4374-879F-28219C0EC1C2}.Debug|Any CPU.ActiveCfg = Debug|Any CPU
		{C9972C4B-0093-4374-879F-28219C0EC1C2}.Debug|Any CPU.Build.0 = Debug|Any CPU
		{C9972C4B-0093-4374-879F-28219C0EC1C2}.Release|Any CPU.ActiveCfg = Release|Any CPU
		{C9972C4B-0093-4374-879F-28219C0EC1C2}.Release|Any CPU.Build.0 = Release|Any CPU
		{902CF9B9-B0D9-42E1-AC83-B6A0056143A5}.Debug|Any CPU.ActiveCfg = Debug|Any CPU
		{902CF9B9-B0D9-42E1-AC83-B6A0056143A5}.Debug|Any CPU.Build.0 = Debug|Any CPU
		{902CF9B9-B0D9-42E1-AC83-B6A0056143A5}.Release|Any CPU.ActiveCfg = Release|Any CPU
		{902CF9B9-B0D9-42E1-AC83-B6A0056143A5}.Release|Any CPU.Build.0 = Release|Any CPU
		{8EB1AA01-0E06-4295-914B-5AFF81D9A033}.Debug|Any CPU.ActiveCfg = Debug|Any CPU
		{8EB1AA01-0E06-4295-914B-5AFF81D9A033}.Debug|Any CPU.Build.0 = Debug|Any CPU
		{8EB1AA01-0E06-4295-914B-5AFF81D9A033}.Release|Any CPU.ActiveCfg = Release|Any CPU
		{8EB1AA01-0E06-4295-914B-5AFF81D9A033}.Release|Any CPU.Build.0 = Release|Any CPU
		{E8EF0F17-842E-4C63-9D69-D0746AF89CC8}.Debug|Any CPU.ActiveCfg = Debug|Any CPU
		{E8EF0F17-842E-4C63-9D69-D0746AF89CC8}.Debug|Any CPU.Build.0 = Debug|Any CPU
		{E8EF0F17-842E-4C63-9D69-D0746AF89CC8}.Release|Any CPU.ActiveCfg = Release|Any CPU
		{E8EF0F17-842E-4C63-9D69-D0746AF89CC8}.Release|Any CPU.Build.0 = Release|Any CPU
		{A7C0D2F4-4AA0-4E4B-B593-8E95A7524D09}.Debug|Any CPU.ActiveCfg = Debug|Any CPU
		{A7C0D2F4-4AA0-4E4B-B593-8E95A7524D09}.Debug|Any CPU.Build.0 = Debug|Any CPU
		{A7C0D2F4-4AA0-4E4B-B593-8E95A7524D09}.Release|Any CPU.ActiveCfg = Release|Any CPU
		{A7C0D2F4-4AA0-4E4B-B593-8E95A7524D09}.Release|Any CPU.Build.0 = Release|Any CPU
		{C9DEF310-DE39-45DE-BF71-90F101B0BCFA}.Debug|Any CPU.ActiveCfg = Debug|Any CPU
		{C9DEF310-DE39-45DE-BF71-90F101B0BCFA}.Debug|Any CPU.Build.0 = Debug|Any CPU
		{C9DEF310-DE39-45DE-BF71-90F101B0BCFA}.Release|Any CPU.ActiveCfg = Release|Any CPU
		{C9DEF310-DE39-45DE-BF71-90F101B0BCFA}.Release|Any CPU.Build.0 = Release|Any CPU
		{104D7045-522F-4692-AC73-F70B754B0AE3}.Debug|Any CPU.ActiveCfg = Debug|Any CPU
		{104D7045-522F-4692-AC73-F70B754B0AE3}.Debug|Any CPU.Build.0 = Debug|Any CPU
		{104D7045-522F-4692-AC73-F70B754B0AE3}.Release|Any CPU.ActiveCfg = Release|Any CPU
		{104D7045-522F-4692-AC73-F70B754B0AE3}.Release|Any CPU.Build.0 = Release|Any CPU
		{C1ED5556-CFF6-4F67-83DB-1A4323933DAF}.Debug|Any CPU.ActiveCfg = Debug|Any CPU
		{C1ED5556-CFF6-4F67-83DB-1A4323933DAF}.Debug|Any CPU.Build.0 = Debug|Any CPU
		{C1ED5556-CFF6-4F67-83DB-1A4323933DAF}.Release|Any CPU.ActiveCfg = Release|Any CPU
		{C1ED5556-CFF6-4F67-83DB-1A4323933DAF}.Release|Any CPU.Build.0 = Release|Any CPU
		{C67C4E4A-89A0-493C-9CBD-BDAAD2BCE708}.Debug|Any CPU.ActiveCfg = Debug|Any CPU
		{C67C4E4A-89A0-493C-9CBD-BDAAD2BCE708}.Debug|Any CPU.Build.0 = Debug|Any CPU
		{C67C4E4A-89A0-493C-9CBD-BDAAD2BCE708}.Release|Any CPU.ActiveCfg = Release|Any CPU
		{C67C4E4A-89A0-493C-9CBD-BDAAD2BCE708}.Release|Any CPU.Build.0 = Release|Any CPU
		{AF1C65D0-A194-454F-9DDB-E5D484153D71}.Debug|Any CPU.ActiveCfg = Debug|Any CPU
		{AF1C65D0-A194-454F-9DDB-E5D484153D71}.Debug|Any CPU.Build.0 = Debug|Any CPU
		{AF1C65D0-A194-454F-9DDB-E5D484153D71}.Release|Any CPU.ActiveCfg = Release|Any CPU
		{AF1C65D0-A194-454F-9DDB-E5D484153D71}.Release|Any CPU.Build.0 = Release|Any CPU
		{840812F4-1E83-4FB0-B7C7-DF626A670D2D}.Debug|Any CPU.ActiveCfg = Debug|Any CPU
		{840812F4-1E83-4FB0-B7C7-DF626A670D2D}.Debug|Any CPU.Build.0 = Debug|Any CPU
		{840812F4-1E83-4FB0-B7C7-DF626A670D2D}.Release|Any CPU.ActiveCfg = Release|Any CPU
		{840812F4-1E83-4FB0-B7C7-DF626A670D2D}.Release|Any CPU.Build.0 = Release|Any CPU
		{A4176962-21F4-44E6-B151-A87E7DC6EE14}.Debug|Any CPU.ActiveCfg = Debug|Any CPU
		{A4176962-21F4-44E6-B151-A87E7DC6EE14}.Debug|Any CPU.Build.0 = Debug|Any CPU
		{A4176962-21F4-44E6-B151-A87E7DC6EE14}.Release|Any CPU.ActiveCfg = Release|Any CPU
		{A4176962-21F4-44E6-B151-A87E7DC6EE14}.Release|Any CPU.Build.0 = Release|Any CPU
		{0B632392-FAA2-4272-8FD3-DDD836366CEA}.Debug|Any CPU.ActiveCfg = Debug|Any CPU
		{0B632392-FAA2-4272-8FD3-DDD836366CEA}.Debug|Any CPU.Build.0 = Debug|Any CPU
		{0B632392-FAA2-4272-8FD3-DDD836366CEA}.Release|Any CPU.ActiveCfg = Release|Any CPU
		{0B632392-FAA2-4272-8FD3-DDD836366CEA}.Release|Any CPU.Build.0 = Release|Any CPU
		{C99EE612-5215-4A3F-8C8C-68AC3DCE145B}.Debug|Any CPU.ActiveCfg = Debug|Any CPU
		{C99EE612-5215-4A3F-8C8C-68AC3DCE145B}.Debug|Any CPU.Build.0 = Debug|Any CPU
		{C99EE612-5215-4A3F-8C8C-68AC3DCE145B}.Release|Any CPU.ActiveCfg = Release|Any CPU
		{C99EE612-5215-4A3F-8C8C-68AC3DCE145B}.Release|Any CPU.Build.0 = Release|Any CPU
		{8B96D15D-5A98-483E-B889-532E87866A85}.Debug|Any CPU.ActiveCfg = Debug|Any CPU
		{8B96D15D-5A98-483E-B889-532E87866A85}.Debug|Any CPU.Build.0 = Debug|Any CPU
		{8B96D15D-5A98-483E-B889-532E87866A85}.Release|Any CPU.ActiveCfg = Release|Any CPU
		{8B96D15D-5A98-483E-B889-532E87866A85}.Release|Any CPU.Build.0 = Release|Any CPU
		{F358AB13-019F-4BCE-BDBB-B67E02C15E7B}.Debug|Any CPU.ActiveCfg = Debug|Any CPU
		{F358AB13-019F-4BCE-BDBB-B67E02C15E7B}.Debug|Any CPU.Build.0 = Debug|Any CPU
		{F358AB13-019F-4BCE-BDBB-B67E02C15E7B}.Release|Any CPU.ActiveCfg = Release|Any CPU
		{F358AB13-019F-4BCE-BDBB-B67E02C15E7B}.Release|Any CPU.Build.0 = Release|Any CPU
	EndGlobalSection
	GlobalSection(SolutionProperties) = preSolution
		HideSolutionNode = FALSE
	EndGlobalSection
EndGlobal
