
Microsoft Visual Studio Solution File, Format Version 11.00
# Visual Studio 2010
Project("{2150E333-8FDC-42A3-9474-1A3956D46DE8}") = ".nuget", ".nuget", "{D271F9BC-C604-46C0-ADCB-11C3F9889B7A}"
	ProjectSection(SolutionItems) = preProject
		.nuget\NuGet.targets = .nuget\NuGet.targets
	EndProjectSection
EndProject
Project("{FAE04EC0-301F-11D3-BF4B-00C04F79EFBC}") = "ScaffR.Backend", "ScaffR.Backend\ScaffR.Backend.csproj", "{64435006-9211-4014-B4AE-CFAA67088021}"
EndProject
Project("{FAE04EC0-301F-11D3-BF4B-00C04F79EFBC}") = "ScaffR.Pipeline", "ScaffR.Pipeline\ScaffR.Pipeline.csproj", "{516FE39E-A4E8-4089-8081-B933B2C5812F}"
EndProject
Project("{FAE04EC0-301F-11D3-BF4B-00C04F79EFBC}") = "ScaffR", "ScaffR.Core\ScaffR.csproj", "{C9972C4B-0093-4374-879F-28219C0EC1C2}"
EndProject
Project("{FAE04EC0-301F-11D3-BF4B-00C04F79EFBC}") = "ScaffR.Bootstrap", "ScaffR.Bootstrap\ScaffR.Bootstrap.csproj", "{D343EB37-50E2-44AE-A424-FE600ABB3E5F}"
EndProject
Project("{FAE04EC0-301F-11D3-BF4B-00C04F79EFBC}") = "ScaffR.Ninject", "ScaffR.Ninject\ScaffR.Ninject.csproj", "{1FB53A46-757B-4C8B-96F1-097AE941D188}"
EndProject
Global
	GlobalSection(SolutionConfigurationPlatforms) = preSolution
		Debug|Any CPU = Debug|Any CPU
		Release|Any CPU = Release|Any CPU
	EndGlobalSection
	GlobalSection(ProjectConfigurationPlatforms) = postSolution
		{64435006-9211-4014-B4AE-CFAA67088021}.Debug|Any CPU.ActiveCfg = Debug|Any CPU
		{64435006-9211-4014-B4AE-CFAA67088021}.Debug|Any CPU.Build.0 = Debug|Any CPU
		{64435006-9211-4014-B4AE-CFAA67088021}.Release|Any CPU.ActiveCfg = Release|Any CPU
		{64435006-9211-4014-B4AE-CFAA67088021}.Release|Any CPU.Build.0 = Release|Any CPU
		{516FE39E-A4E8-4089-8081-B933B2C5812F}.Debug|Any CPU.ActiveCfg = Debug|Any CPU
		{516FE39E-A4E8-4089-8081-B933B2C5812F}.Debug|Any CPU.Build.0 = Debug|Any CPU
		{516FE39E-A4E8-4089-8081-B933B2C5812F}.Release|Any CPU.ActiveCfg = Release|Any CPU
		{516FE39E-A4E8-4089-8081-B933B2C5812F}.Release|Any CPU.Build.0 = Release|Any CPU
		{C9972C4B-0093-4374-879F-28219C0EC1C2}.Debug|Any CPU.ActiveCfg = Debug|Any CPU
		{C9972C4B-0093-4374-879F-28219C0EC1C2}.Debug|Any CPU.Build.0 = Debug|Any CPU
		{C9972C4B-0093-4374-879F-28219C0EC1C2}.Release|Any CPU.ActiveCfg = Release|Any CPU
		{C9972C4B-0093-4374-879F-28219C0EC1C2}.Release|Any CPU.Build.0 = Release|Any CPU
		{D343EB37-50E2-44AE-A424-FE600ABB3E5F}.Debug|Any CPU.ActiveCfg = Debug|Any CPU
		{D343EB37-50E2-44AE-A424-FE600ABB3E5F}.Debug|Any CPU.Build.0 = Debug|Any CPU
		{D343EB37-50E2-44AE-A424-FE600ABB3E5F}.Release|Any CPU.ActiveCfg = Release|Any CPU
		{D343EB37-50E2-44AE-A424-FE600ABB3E5F}.Release|Any CPU.Build.0 = Release|Any CPU
		{1FB53A46-757B-4C8B-96F1-097AE941D188}.Debug|Any CPU.ActiveCfg = Debug|Any CPU
		{1FB53A46-757B-4C8B-96F1-097AE941D188}.Debug|Any CPU.Build.0 = Debug|Any CPU
		{1FB53A46-757B-4C8B-96F1-097AE941D188}.Release|Any CPU.ActiveCfg = Release|Any CPU
		{1FB53A46-757B-4C8B-96F1-097AE941D188}.Release|Any CPU.Build.0 = Release|Any CPU
	EndGlobalSection
	GlobalSection(SolutionProperties) = preSolution
		HideSolutionNode = FALSE
	EndGlobalSection
EndGlobal
